
Microsoft Visual Studio Solution File, Format Version 12.00
# Visual Studio 14
VisualStudioVersion = 14.0.25420.1
MinimumVisualStudioVersion = 10.0.40219.1
Project("{8BC9CEB8-8B4A-11D0-8D11-00A0C91BC942}") = "P1_D3DXVec3", "P1_D3DXVec3\P1_D3DXVec3.vcxproj", "{087EE712-4FD4-40F3-8FCB-9DE8BC3E032C}"
EndProject
Project("{8BC9CEB8-8B4A-11D0-8D11-00A0C91BC942}") = "P1_D3DMATRIX", "P1_D3DMATRIX\P1_D3DMATRIX.vcxproj", "{B934E1CE-5D40-44F7-B53D-1FC9FE860C9A}"
EndProject
Project("{8BC9CEB8-8B4A-11D0-8D11-00A0C91BC942}") = "P2_Hello_Direct3D", "P2_Hello_Direct3D\P2_Hello_Direct3D.vcxproj", "{81AE98E4-7BB5-4154-8898-A4D5C654C77E}"
EndProject
Global
	GlobalSection(SolutionConfigurationPlatforms) = preSolution
		Debug|x64 = Debug|x64
		Debug|x86 = Debug|x86
		Release|x64 = Release|x64
		Release|x86 = Release|x86
	EndGlobalSection
	GlobalSection(ProjectConfigurationPlatforms) = postSolution
		{087EE712-4FD4-40F3-8FCB-9DE8BC3E032C}.Debug|x64.ActiveCfg = Debug|x64
		{087EE712-4FD4-40F3-8FCB-9DE8BC3E032C}.Debug|x64.Build.0 = Debug|x64
		{087EE712-4FD4-40F3-8FCB-9DE8BC3E032C}.Debug|x86.ActiveCfg = Debug|Win32
		{087EE712-4FD4-40F3-8FCB-9DE8BC3E032C}.Debug|x86.Build.0 = Debug|Win32
		{087EE712-4FD4-40F3-8FCB-9DE8BC3E032C}.Release|x64.ActiveCfg = Release|x64
		{087EE712-4FD4-40F3-8FCB-9DE8BC3E032C}.Release|x64.Build.0 = Release|x64
		{087EE712-4FD4-40F3-8FCB-9DE8BC3E032C}.Release|x86.ActiveCfg = Release|Win32
		{087EE712-4FD4-40F3-8FCB-9DE8BC3E032C}.Release|x86.Build.0 = Release|Win32
		{B934E1CE-5D40-44F7-B53D-1FC9FE860C9A}.Debug|x64.ActiveCfg = Debug|x64
		{B934E1CE-5D40-44F7-B53D-1FC9FE860C9A}.Debug|x64.Build.0 = Debug|x64
		{B934E1CE-5D40-44F7-B53D-1FC9FE860C9A}.Debug|x86.ActiveCfg = Debug|Win32
		{B934E1CE-5D40-44F7-B53D-1FC9FE860C9A}.Debug|x86.Build.0 = Debug|Win32
		{B934E1CE-5D40-44F7-B53D-1FC9FE860C9A}.Release|x64.ActiveCfg = Release|x64
		{B934E1CE-5D40-44F7-B53D-1FC9FE860C9A}.Release|x64.Build.0 = Release|x64
		{B934E1CE-5D40-44F7-B53D-1FC9FE860C9A}.Release|x86.ActiveCfg = Release|Win32
		{B934E1CE-5D40-44F7-B53D-1FC9FE860C9A}.Release|x86.Build.0 = Release|Win32
		{81AE98E4-7BB5-4154-8898-A4D5C654C77E}.Debug|x64.ActiveCfg = Debug|x64
		{81AE98E4-7BB5-4154-8898-A4D5C654C77E}.Debug|x64.Build.0 = Debug|x64
		{81AE98E4-7BB5-4154-8898-A4D5C654C77E}.Debug|x86.ActiveCfg = Debug|Win32
		{81AE98E4-7BB5-4154-8898-A4D5C654C77E}.Debug|x86.Build.0 = Debug|Win32
		{81AE98E4-7BB5-4154-8898-A4D5C654C77E}.Release|x64.ActiveCfg = Release|x64
		{81AE98E4-7BB5-4154-8898-A4D5C654C77E}.Release|x64.Build.0 = Release|x64
		{81AE98E4-7BB5-4154-8898-A4D5C654C77E}.Release|x86.ActiveCfg = Release|Win32
		{81AE98E4-7BB5-4154-8898-A4D5C654C77E}.Release|x86.Build.0 = Release|Win32
	EndGlobalSection
	GlobalSection(SolutionProperties) = preSolution
		HideSolutionNode = FALSE
	EndGlobalSection
EndGlobal
